{
  "name": "bxml",
  "version": "1.0.0",
  "lockfileVersion": 2,
  "requires": true,
  "packages": {
    "": {
      "version": "1.0.0",
      "license": "ISC",
      "dependencies": {
        "binary-xml": "^0.0.1"
      }
    },
    "node_modules/binary-xml": {
      "version": "0.0.1",
      "resolved": "https://registry.npmjs.org/binary-xml/-/binary-xml-0.0.1.tgz",
      "integrity": "sha512-RYZvkWTwkuqwWHXq6NQAPjLPlAJ1jItUz1L6M7+04omICGeq3poB+Bwyou4ZO+07CrnKs60rFsHkY614O4i+QA=="
    }
  },
  "dependencies": {
    "binary-xml": {
      "version": "0.0.1",
      "resolved": "https://registry.npmjs.org/binary-xml/-/binary-xml-0.0.1.tgz",
      "integrity": "sha512-RYZvkWTwkuqwWHXq6NQAPjLPlAJ1jItUz1L6M7+04omICGeq3poB+Bwyou4ZO+07CrnKs60rFsHkY614O4i+QA=="
    }
  }
}
